// !$*UTF8*$!
{
	archiveVersion = 1;
	classes = {
	};
	objectVersion = 55;
	objects = {

/* Begin PBXBuildFile section */
		91B522082678D80A002CEB0F /* Tests_iOS.swift in Sources */ = {isa = PBXBuildFile; fileRef = 91B522072678D80A002CEB0F /* Tests_iOS.swift */; };
		91B522122678D80A002CEB0F /* Tests_macOS.swift in Sources */ = {isa = PBXBuildFile; fileRef = 91B522112678D80A002CEB0F /* Tests_macOS.swift */; };
		91B522132678D80A002CEB0F /* ConnpassDemoApp.swift in Sources */ = {isa = PBXBuildFile; fileRef = 91B521F12678D809002CEB0F /* ConnpassDemoApp.swift */; };
		91B522142678D80A002CEB0F /* ConnpassDemoApp.swift in Sources */ = {isa = PBXBuildFile; fileRef = 91B521F12678D809002CEB0F /* ConnpassDemoApp.swift */; };
		91B522152678D80A002CEB0F /* ContentView.swift in Sources */ = {isa = PBXBuildFile; fileRef = 91B521F22678D809002CEB0F /* ContentView.swift */; };
		91B522162678D80A002CEB0F /* ContentView.swift in Sources */ = {isa = PBXBuildFile; fileRef = 91B521F22678D809002CEB0F /* ContentView.swift */; };
		91B522172678D80A002CEB0F /* Assets.xcassets in Resources */ = {isa = PBXBuildFile; fileRef = 91B521F32678D80A002CEB0F /* Assets.xcassets */; };
		91B522182678D80A002CEB0F /* Assets.xcassets in Resources */ = {isa = PBXBuildFile; fileRef = 91B521F32678D80A002CEB0F /* Assets.xcassets */; };
		91B522282678D822002CEB0F /* ContentViewModel.swift in Sources */ = {isa = PBXBuildFile; fileRef = 91B522272678D822002CEB0F /* ContentViewModel.swift */; };
		91B522292678D822002CEB0F /* ContentViewModel.swift in Sources */ = {isa = PBXBuildFile; fileRef = 91B522272678D822002CEB0F /* ContentViewModel.swift */; };
		91B5222B2678D9FC002CEB0F /* Event.swift in Sources */ = {isa = PBXBuildFile; fileRef = 91B5222A2678D9FC002CEB0F /* Event.swift */; };
		91B5222C2678D9FC002CEB0F /* Event.swift in Sources */ = {isa = PBXBuildFile; fileRef = 91B5222A2678D9FC002CEB0F /* Event.swift */; };
		91B5222E2678DA88002CEB0F /* ConnpassRepository.swift in Sources */ = {isa = PBXBuildFile; fileRef = 91B5222D2678DA88002CEB0F /* ConnpassRepository.swift */; };
		91B5222F2678DA88002CEB0F /* ConnpassRepository.swift in Sources */ = {isa = PBXBuildFile; fileRef = 91B5222D2678DA88002CEB0F /* ConnpassRepository.swift */; };
		91B52231267A1D5C002CEB0F /* Connpass.swift in Sources */ = {isa = PBXBuildFile; fileRef = 91B52230267A1D5B002CEB0F /* Connpass.swift */; };
		91B52232267A1D5C002CEB0F /* Connpass.swift in Sources */ = {isa = PBXBuildFile; fileRef = 91B52230267A1D5B002CEB0F /* Connpass.swift */; };
/* End PBXBuildFile section */

/* Begin PBXContainerItemProxy section */
		91B522042678D80A002CEB0F /* PBXContainerItemProxy */ = {
			isa = PBXContainerItemProxy;
			containerPortal = 91B521EC2678D809002CEB0F /* Project object */;
			proxyType = 1;
			remoteGlobalIDString = 91B521F72678D80A002CEB0F;
			remoteInfo = "ConnpassDemo (iOS)";
		};
		91B5220E2678D80A002CEB0F /* PBXContainerItemProxy */ = {
			isa = PBXContainerItemProxy;
			containerPortal = 91B521EC2678D809002CEB0F /* Project object */;
			proxyType = 1;
			remoteGlobalIDString = 91B521FD2678D80A002CEB0F;
			remoteInfo = "ConnpassDemo (macOS)";
		};
/* End PBXContainerItemProxy section */

/* Begin PBXFileReference section */
		91B521F12678D809002CEB0F /* ConnpassDemoApp.swift */ = {isa = PBXFileReference; lastKnownFileType = sourcecode.swift; path = ConnpassDemoApp.swift; sourceTree = "<group>"; };
		91B521F22678D809002CEB0F /* ContentView.swift */ = {isa = PBXFileReference; lastKnownFileType = sourcecode.swift; path = ContentView.swift; sourceTree = "<group>"; };
		91B521F32678D80A002CEB0F /* Assets.xcassets */ = {isa = PBXFileReference; lastKnownFileType = folder.assetcatalog; path = Assets.xcassets; sourceTree = "<group>"; };
		91B521F82678D80A002CEB0F /* ConnpassDemo.app */ = {isa = PBXFileReference; explicitFileType = wrapper.application; includeInIndex = 0; path = ConnpassDemo.app; sourceTree = BUILT_PRODUCTS_DIR; };
		91B521FE2678D80A002CEB0F /* ConnpassDemo.app */ = {isa = PBXFileReference; explicitFileType = wrapper.application; includeInIndex = 0; path = ConnpassDemo.app; sourceTree = BUILT_PRODUCTS_DIR; };
		91B522032678D80A002CEB0F /* Tests iOS.xctest */ = {isa = PBXFileReference; explicitFileType = wrapper.cfbundle; includeInIndex = 0; path = "Tests iOS.xctest"; sourceTree = BUILT_PRODUCTS_DIR; };
		91B522072678D80A002CEB0F /* Tests_iOS.swift */ = {isa = PBXFileReference; lastKnownFileType = sourcecode.swift; path = Tests_iOS.swift; sourceTree = "<group>"; };
		91B5220D2678D80A002CEB0F /* Tests macOS.xctest */ = {isa = PBXFileReference; explicitFileType = wrapper.cfbundle; includeInIndex = 0; path = "Tests macOS.xctest"; sourceTree = BUILT_PRODUCTS_DIR; };
		91B522112678D80A002CEB0F /* Tests_macOS.swift */ = {isa = PBXFileReference; lastKnownFileType = sourcecode.swift; path = Tests_macOS.swift; sourceTree = "<group>"; };
		91B522272678D822002CEB0F /* ContentViewModel.swift */ = {isa = PBXFileReference; lastKnownFileType = sourcecode.swift; path = ContentViewModel.swift; sourceTree = "<group>"; };
		91B5222A2678D9FC002CEB0F /* Event.swift */ = {isa = PBXFileReference; lastKnownFileType = sourcecode.swift; path = Event.swift; sourceTree = "<group>"; };
		91B5222D2678DA88002CEB0F /* ConnpassRepository.swift */ = {isa = PBXFileReference; lastKnownFileType = sourcecode.swift; path = ConnpassRepository.swift; sourceTree = "<group>"; };
		91B52230267A1D5B002CEB0F /* Connpass.swift */ = {isa = PBXFileReference; lastKnownFileType = sourcecode.swift; path = Connpass.swift; sourceTree = "<group>"; };
/* End PBXFileReference section */

/* Begin PBXFrameworksBuildPhase section */
		91B521F52678D80A002CEB0F /* Frameworks */ = {
			isa = PBXFrameworksBuildPhase;
			buildActionMask = 2147483647;
			files = (
			);
			runOnlyForDeploymentPostprocessing = 0;
		};
		91B521FB2678D80A002CEB0F /* Frameworks */ = {
			isa = PBXFrameworksBuildPhase;
			buildActionMask = 2147483647;
			files = (
			);
			runOnlyForDeploymentPostprocessing = 0;
		};
		91B522002678D80A002CEB0F /* Frameworks */ = {
			isa = PBXFrameworksBuildPhase;
			buildActionMask = 2147483647;
			files = (
			);
			runOnlyForDeploymentPostprocessing = 0;
		};
		91B5220A2678D80A002CEB0F /* Frameworks */ = {
			isa = PBXFrameworksBuildPhase;
			buildActionMask = 2147483647;
			files = (
			);
			runOnlyForDeploymentPostprocessing = 0;
		};
/* End PBXFrameworksBuildPhase section */

/* Begin PBXGroup section */
		91B521EB2678D809002CEB0F = {
			isa = PBXGroup;
			children = (
				91B521F02678D809002CEB0F /* Shared */,
				91B522062678D80A002CEB0F /* Tests iOS */,
				91B522102678D80A002CEB0F /* Tests macOS */,
				91B521F92678D80A002CEB0F /* Products */,
			);
			sourceTree = "<group>";
		};
		91B521F02678D809002CEB0F /* Shared */ = {
			isa = PBXGroup;
			children = (
				91B521F12678D809002CEB0F /* ConnpassDemoApp.swift */,
				91B521F22678D809002CEB0F /* ContentView.swift */,
				91B522272678D822002CEB0F /* ContentViewModel.swift */,
				91B52234267A2102002CEB0F /* Model */,
				91B52233267A20F3002CEB0F /* Repository */,
				91B521F32678D80A002CEB0F /* Assets.xcassets */,
			);
			path = Shared;
			sourceTree = "<group>";
		};
		91B521F92678D80A002CEB0F /* Products */ = {
			isa = PBXGroup;
			children = (
				91B521F82678D80A002CEB0F /* ConnpassDemo.app */,
				91B521FE2678D80A002CEB0F /* ConnpassDemo.app */,
				91B522032678D80A002CEB0F /* Tests iOS.xctest */,
				91B5220D2678D80A002CEB0F /* Tests macOS.xctest */,
			);
			name = Products;
			sourceTree = "<group>";
		};
		91B522062678D80A002CEB0F /* Tests iOS */ = {
			isa = PBXGroup;
			children = (
				91B522072678D80A002CEB0F /* Tests_iOS.swift */,
			);
			path = "Tests iOS";
			sourceTree = "<group>";
		};
		91B522102678D80A002CEB0F /* Tests macOS */ = {
			isa = PBXGroup;
			children = (
				91B522112678D80A002CEB0F /* Tests_macOS.swift */,
			);
			path = "Tests macOS";
			sourceTree = "<group>";
		};
		91B52233267A20F3002CEB0F /* Repository */ = {
			isa = PBXGroup;
			children = (
				91B5222D2678DA88002CEB0F /* ConnpassRepository.swift */,
			);
			path = Repository;
			sourceTree = "<group>";
		};
		91B52234267A2102002CEB0F /* Model */ = {
			isa = PBXGroup;
			children = (
				91B5222A2678D9FC002CEB0F /* Event.swift */,
				91B52230267A1D5B002CEB0F /* Connpass.swift */,
			);
			path = Model;
			sourceTree = "<group>";
		};
/* End PBXGroup section */

/* Begin PBXNativeTarget section */
		91B521F72678D80A002CEB0F /* ConnpassDemo (iOS) */ = {
			isa = PBXNativeTarget;
			buildConfigurationList = 91B5221B2678D80A002CEB0F /* Build configuration list for PBXNativeTarget "ConnpassDemo (iOS)" */;
			buildPhases = (
				91B521F42678D80A002CEB0F /* Sources */,
				91B521F52678D80A002CEB0F /* Frameworks */,
				91B521F62678D80A002CEB0F /* Resources */,
			);
			buildRules = (
			);
			dependencies = (
			);
			name = "ConnpassDemo (iOS)";
			productName = "ConnpassDemo (iOS)";
			productReference = 91B521F82678D80A002CEB0F /* ConnpassDemo.app */;
			productType = "com.apple.product-type.application";
		};
		91B521FD2678D80A002CEB0F /* ConnpassDemo (macOS) */ = {
			isa = PBXNativeTarget;
			buildConfigurationList = 91B5221E2678D80A002CEB0F /* Build configuration list for PBXNativeTarget "ConnpassDemo (macOS)" */;
			buildPhases = (
				91B521FA2678D80A002CEB0F /* Sources */,
				91B521FB2678D80A002CEB0F /* Frameworks */,
				91B521FC2678D80A002CEB0F /* Resources */,
			);
			buildRules = (
			);
			dependencies = (
			);
			name = "ConnpassDemo (macOS)";
			productName = "ConnpassDemo (macOS)";
			productReference = 91B521FE2678D80A002CEB0F /* ConnpassDemo.app */;
			productType = "com.apple.product-type.application";
		};
		91B522022678D80A002CEB0F /* Tests iOS */ = {
			isa = PBXNativeTarget;
			buildConfigurationList = 91B522212678D80A002CEB0F /* Build configuration list for PBXNativeTarget "Tests iOS" */;
			buildPhases = (
				91B521FF2678D80A002CEB0F /* Sources */,
				91B522002678D80A002CEB0F /* Frameworks */,
				91B522012678D80A002CEB0F /* Resources */,
			);
			buildRules = (
			);
			dependencies = (
				91B522052678D80A002CEB0F /* PBXTargetDependency */,
			);
			name = "Tests iOS";
			productName = "Tests iOS";
			productReference = 91B522032678D80A002CEB0F /* Tests iOS.xctest */;
			productType = "com.apple.product-type.bundle.ui-testing";
		};
		91B5220C2678D80A002CEB0F /* Tests macOS */ = {
			isa = PBXNativeTarget;
			buildConfigurationList = 91B522242678D80A002CEB0F /* Build configuration list for PBXNativeTarget "Tests macOS" */;
			buildPhases = (
				91B522092678D80A002CEB0F /* Sources */,
				91B5220A2678D80A002CEB0F /* Frameworks */,
				91B5220B2678D80A002CEB0F /* Resources */,
			);
			buildRules = (
			);
			dependencies = (
				91B5220F2678D80A002CEB0F /* PBXTargetDependency */,
			);
			name = "Tests macOS";
			productName = "Tests macOS";
			productReference = 91B5220D2678D80A002CEB0F /* Tests macOS.xctest */;
			productType = "com.apple.product-type.bundle.ui-testing";
		};
/* End PBXNativeTarget section */

/* Begin PBXProject section */
		91B521EC2678D809002CEB0F /* Project object */ = {
			isa = PBXProject;
			attributes = {
				BuildIndependentTargetsInParallel = 1;
				LastSwiftUpdateCheck = 1300;
				LastUpgradeCheck = 1300;
				TargetAttributes = {
					91B521F72678D80A002CEB0F = {
						CreatedOnToolsVersion = 13.0;
					};
					91B521FD2678D80A002CEB0F = {
						CreatedOnToolsVersion = 13.0;
					};
					91B522022678D80A002CEB0F = {
						CreatedOnToolsVersion = 13.0;
						TestTargetID = 91B521F72678D80A002CEB0F;
					};
					91B5220C2678D80A002CEB0F = {
						CreatedOnToolsVersion = 13.0;
						TestTargetID = 91B521FD2678D80A002CEB0F;
					};
				};
			};
			buildConfigurationList = 91B521EF2678D809002CEB0F /* Build configuration list for PBXProject "ConnpassDemo" */;
			compatibilityVersion = "Xcode 13.0";
			developmentRegion = en;
			hasScannedForEncodings = 0;
			knownRegions = (
				en,
				Base,
			);
			mainGroup = 91B521EB2678D809002CEB0F;
			productRefGroup = 91B521F92678D80A002CEB0F /* Products */;
			projectDirPath = "";
			projectRoot = "";
			targets = (
				91B521F72678D80A002CEB0F /* ConnpassDemo (iOS) */,
				91B521FD2678D80A002CEB0F /* ConnpassDemo (macOS) */,
				91B522022678D80A002CEB0F /* Tests iOS */,
				91B5220C2678D80A002CEB0F /* Tests macOS */,
			);
		};
/* End PBXProject section */

/* Begin PBXResourcesBuildPhase section */
		91B521F62678D80A002CEB0F /* Resources */ = {
			isa = PBXResourcesBuildPhase;
			buildActionMask = 2147483647;
			files = (
				91B522172678D80A002CEB0F /* Assets.xcassets in Resources */,
			);
			runOnlyForDeploymentPostprocessing = 0;
		};
		91B521FC2678D80A002CEB0F /* Resources */ = {
			isa = PBXResourcesBuildPhase;
			buildActionMask = 2147483647;
			files = (
				91B522182678D80A002CEB0F /* Assets.xcassets in Resources */,
			);
			runOnlyForDeploymentPostprocessing = 0;
		};
		91B522012678D80A002CEB0F /* Resources */ = {
			isa = PBXResourcesBuildPhase;
			buildActionMask = 2147483647;
			files = (
			);
			runOnlyForDeploymentPostprocessing = 0;
		};
		91B5220B2678D80A002CEB0F /* Resources */ = {
			isa = PBXResourcesBuildPhase;
			buildActionMask = 2147483647;
			files = (
			);
			runOnlyForDeploymentPostprocessing = 0;
		};
/* End PBXResourcesBuildPhase section */

/* Begin PBXSourcesBuildPhase section */
		91B521F42678D80A002CEB0F /* Sources */ = {
			isa = PBXSourcesBuildPhase;
			buildActionMask = 2147483647;
			files = (
				91B52231267A1D5C002CEB0F /* Connpass.swift in Sources */,
				91B5222B2678D9FC002CEB0F /* Event.swift in Sources */,
				91B522152678D80A002CEB0F /* ContentView.swift in Sources */,
				91B522132678D80A002CEB0F /* ConnpassDemoApp.swift in Sources */,
				91B522282678D822002CEB0F /* ContentViewModel.swift in Sources */,
				91B5222E2678DA88002CEB0F /* ConnpassRepository.swift in Sources */,
			);
			runOnlyForDeploymentPostprocessing = 0;
		};
		91B521FA2678D80A002CEB0F /* Sources */ = {
			isa = PBXSourcesBuildPhase;
			buildActionMask = 2147483647;
			files = (
				91B52232267A1D5C002CEB0F /* Connpass.swift in Sources */,
				91B5222C2678D9FC002CEB0F /* Event.swift in Sources */,
				91B522162678D80A002CEB0F /* ContentView.swift in Sources */,
				91B522142678D80A002CEB0F /* ConnpassDemoApp.swift in Sources */,
				91B522292678D822002CEB0F /* ContentViewModel.swift in Sources */,
				91B5222F2678DA88002CEB0F /* ConnpassRepository.swift in Sources */,
			);
			runOnlyForDeploymentPostprocessing = 0;
		};
		91B521FF2678D80A002CEB0F /* Sources */ = {
			isa = PBXSourcesBuildPhase;
			buildActionMask = 2147483647;
			files = (
				91B522082678D80A002CEB0F /* Tests_iOS.swift in Sources */,
			);
			runOnlyForDeploymentPostprocessing = 0;
		};
		91B522092678D80A002CEB0F /* Sources */ = {
			isa = PBXSourcesBuildPhase;
			buildActionMask = 2147483647;
			files = (
				91B522122678D80A002CEB0F /* Tests_macOS.swift in Sources */,
			);
			runOnlyForDeploymentPostprocessing = 0;
		};
/* End PBXSourcesBuildPhase section */

/* Begin PBXTargetDependency section */
		91B522052678D80A002CEB0F /* PBXTargetDependency */ = {
			isa = PBXTargetDependency;
			target = 91B521F72678D80A002CEB0F /* ConnpassDemo (iOS) */;
			targetProxy = 91B522042678D80A002CEB0F /* PBXContainerItemProxy */;
		};
		91B5220F2678D80A002CEB0F /* PBXTargetDependency */ = {
			isa = PBXTargetDependency;
			target = 91B521FD2678D80A002CEB0F /* ConnpassDemo (macOS) */;
			targetProxy = 91B5220E2678D80A002CEB0F /* PBXContainerItemProxy */;
		};
/* End PBXTargetDependency section */

/* Begin XCBuildConfiguration section */
		91B522192678D80A002CEB0F /* Debug */ = {
			isa = XCBuildConfiguration;
			buildSettings = {
				ALWAYS_SEARCH_USER_PATHS = NO;
				CLANG_ANALYZER_NONNULL = YES;
				CLANG_ANALYZER_NUMBER_OBJECT_CONVERSION = YES_AGGRESSIVE;
				CLANG_CXX_LANGUAGE_STANDARD = "gnu++14";
				CLANG_CXX_LIBRARY = "libc++";
				CLANG_ENABLE_MODULES = YES;
				CLANG_ENABLE_OBJC_ARC = YES;
				CLANG_ENABLE_OBJC_WEAK = YES;
				CLANG_WARN_BLOCK_CAPTURE_AUTORELEASING = YES;
				CLANG_WARN_BOOL_CONVERSION = YES;
				CLANG_WARN_COMMA = YES;
				CLANG_WARN_CONSTANT_CONVERSION = YES;
				CLANG_WARN_DEPRECATED_OBJC_IMPLEMENTATIONS = YES;
				CLANG_WARN_DIRECT_OBJC_ISA_USAGE = YES_ERROR;
				CLANG_WARN_DOCUMENTATION_COMMENTS = YES;
				CLANG_WARN_EMPTY_BODY = YES;
				CLANG_WARN_ENUM_CONVERSION = YES;
				CLANG_WARN_INFINITE_RECURSION = YES;
				CLANG_WARN_INT_CONVERSION = YES;
				CLANG_WARN_NON_LITERAL_NULL_CONVERSION = YES;
				CLANG_WARN_OBJC_IMPLICIT_RETAIN_SELF = YES;
				CLANG_WARN_OBJC_LITERAL_CONVERSION = YES;
				CLANG_WARN_OBJC_ROOT_CLASS = YES_ERROR;
				CLANG_WARN_QUOTED_INCLUDE_IN_FRAMEWORK_HEADER = YES;
				CLANG_WARN_RANGE_LOOP_ANALYSIS = YES;
				CLANG_WARN_STRICT_PROTOTYPES = YES;
				CLANG_WARN_SUSPICIOUS_MOVE = YES;
				CLANG_WARN_UNGUARDED_AVAILABILITY = YES_AGGRESSIVE;
				CLANG_WARN_UNREACHABLE_CODE = YES;
				CLANG_WARN__DUPLICATE_METHOD_MATCH = YES;
				COPY_PHASE_STRIP = NO;
				DEBUG_INFORMATION_FORMAT = dwarf;
				ENABLE_STRICT_OBJC_MSGSEND = YES;
				ENABLE_TESTABILITY = YES;
				GCC_C_LANGUAGE_STANDARD = gnu11;
				GCC_DYNAMIC_NO_PIC = NO;
				GCC_NO_COMMON_BLOCKS = YES;
				GCC_OPTIMIZATION_LEVEL = 0;
				GCC_PREPROCESSOR_DEFINITIONS = (
					"DEBUG=1",
					"$(inherited)",
				);
				GCC_WARN_64_TO_32_BIT_CONVERSION = YES;
				GCC_WARN_ABOUT_RETURN_TYPE = YES_ERROR;
				GCC_WARN_UNDECLARED_SELECTOR = YES;
				GCC_WARN_UNINITIALIZED_AUTOS = YES_AGGRESSIVE;
				GCC_WARN_UNUSED_FUNCTION = YES;
				GCC_WARN_UNUSED_VARIABLE = YES;
				IPHONEOS_DEPLOYMENT_TARGET = 15.0;
				MTL_ENABLE_DEBUG_INFO = INCLUDE_SOURCE;
				MTL_FAST_MATH = YES;
				ONLY_ACTIVE_ARCH = YES;
				SWIFT_ACTIVE_COMPILATION_CONDITIONS = DEBUG;
				SWIFT_OPTIMIZATION_LEVEL = "-Onone";
			};
			name = Debug;
		};
		91B5221A2678D80A002CEB0F /* Release */ = {
			isa = XCBuildConfiguration;
			buildSettings = {
				ALWAYS_SEARCH_USER_PATHS = NO;
				CLANG_ANALYZER_NONNULL = YES;
				CLANG_ANALYZER_NUMBER_OBJECT_CONVERSION = YES_AGGRESSIVE;
				CLANG_CXX_LANGUAGE_STANDARD = "gnu++14";
				CLANG_CXX_LIBRARY = "libc++";
				CLANG_ENABLE_MODULES = YES;
				CLANG_ENABLE_OBJC_ARC = YES;
				CLANG_ENABLE_OBJC_WEAK = YES;
				CLANG_WARN_BLOCK_CAPTURE_AUTORELEASING = YES;
				CLANG_WARN_BOOL_CONVERSION = YES;
				CLANG_WARN_COMMA = YES;
				CLANG_WARN_CONSTANT_CONVERSION = YES;
				CLANG_WARN_DEPRECATED_OBJC_IMPLEMENTATIONS = YES;
				CLANG_WARN_DIRECT_OBJC_ISA_USAGE = YES_ERROR;
				CLANG_WARN_DOCUMENTATION_COMMENTS = YES;
				CLANG_WARN_EMPTY_BODY = YES;
				CLANG_WARN_ENUM_CONVERSION = YES;
				CLANG_WARN_INFINITE_RECURSION = YES;
				CLANG_WARN_INT_CONVERSION = YES;
				CLANG_WARN_NON_LITERAL_NULL_CONVERSION = YES;
				CLANG_WARN_OBJC_IMPLICIT_RETAIN_SELF = YES;
				CLANG_WARN_OBJC_LITERAL_CONVERSION = YES;
				CLANG_WARN_OBJC_ROOT_CLASS = YES_ERROR;
				CLANG_WARN_QUOTED_INCLUDE_IN_FRAMEWORK_HEADER = YES;
				CLANG_WARN_RANGE_LOOP_ANALYSIS = YES;
				CLANG_WARN_STRICT_PROTOTYPES = YES;
				CLANG_WARN_SUSPICIOUS_MOVE = YES;
				CLANG_WARN_UNGUARDED_AVAILABILITY = YES_AGGRESSIVE;
				CLANG_WARN_UNREACHABLE_CODE = YES;
				CLANG_WARN__DUPLICATE_METHOD_MATCH = YES;
				COPY_PHASE_STRIP = NO;
				DEBUG_INFORMATION_FORMAT = "dwarf-with-dsym";
				ENABLE_NS_ASSERTIONS = NO;
				ENABLE_STRICT_OBJC_MSGSEND = YES;
				GCC_C_LANGUAGE_STANDARD = gnu11;
				GCC_NO_COMMON_BLOCKS = YES;
				GCC_WARN_64_TO_32_BIT_CONVERSION = YES;
				GCC_WARN_ABOUT_RETURN_TYPE = YES_ERROR;
				GCC_WARN_UNDECLARED_SELECTOR = YES;
				GCC_WARN_UNINITIALIZED_AUTOS = YES_AGGRESSIVE;
				GCC_WARN_UNUSED_FUNCTION = YES;
				GCC_WARN_UNUSED_VARIABLE = YES;
				IPHONEOS_DEPLOYMENT_TARGET = 15.0;
				MTL_ENABLE_DEBUG_INFO = NO;
				MTL_FAST_MATH = YES;
				SWIFT_COMPILATION_MODE = wholemodule;
				SWIFT_OPTIMIZATION_LEVEL = "-O";
			};
			name = Release;
		};
		91B5221C2678D80A002CEB0F /* Debug */ = {
			isa = XCBuildConfiguration;
			buildSettings = {
				ASSETCATALOG_COMPILER_APPICON_NAME = AppIcon;
				ASSETCATALOG_COMPILER_GLOBAL_ACCENT_COLOR_NAME = AccentColor;
				CODE_SIGN_STYLE = Automatic;
				CURRENT_PROJECT_VERSION = 1;
				ENABLE_PREVIEWS = YES;
				GENERATE_INFOPLIST_FILE = YES;
				INFOPLIST_KEY_UIApplicationSceneManifest_Generation = YES;
				INFOPLIST_KEY_UIApplicationSupportsIndirectInputEvents = YES;
				INFOPLIST_KEY_UILaunchScreen_Generation = YES;
				INFOPLIST_KEY_UISupportedInterfaceOrientations_iPad = "UIInterfaceOrientationPortrait UIInterfaceOrientationPortraitUpsideDown UIInterfaceOrientationLandscapeLeft UIInterfaceOrientationLandscapeRight";
				INFOPLIST_KEY_UISupportedInterfaceOrientations_iPhone = "UIInterfaceOrientationPortrait UIInterfaceOrientationLandscapeLeft UIInterfaceOrientationLandscapeRight";
				IPHONEOS_DEPLOYMENT_TARGET = 15.0;
				LD_RUNPATH_SEARCH_PATHS = (
					"$(inherited)",
					"@executable_path/Frameworks",
				);
				MARKETING_VERSION = 1.0;
				PRODUCT_BUNDLE_IDENTIFIER = com.tinpay.ConnpassDemo;
				PRODUCT_NAME = ConnpassDemo;
				SDKROOT = iphoneos;
				SWIFT_EMIT_LOC_STRINGS = YES;
				SWIFT_VERSION = 5.0;
				TARGETED_DEVICE_FAMILY = "1,2";
			};
			name = Debug;
		};
		91B5221D2678D80A002CEB0F /* Release */ = {
			isa = XCBuildConfiguration;
			buildSettings = {
				ASSETCATALOG_COMPILER_APPICON_NAME = AppIcon;
				ASSETCATALOG_COMPILER_GLOBAL_ACCENT_COLOR_NAME = AccentColor;
				CODE_SIGN_STYLE = Automatic;
				CURRENT_PROJECT_VERSION = 1;
				ENABLE_PREVIEWS = YES;
				GENERATE_INFOPLIST_FILE = YES;
				INFOPLIST_KEY_UIApplicationSceneManifest_Generation = YES;
				INFOPLIST_KEY_UIApplicationSupportsIndirectInputEvents = YES;
				INFOPLIST_KEY_UILaunchScreen_Generation = YES;
				INFOPLIST_KEY_UISupportedInterfaceOrientations_iPad = "UIInterfaceOrientationPortrait UIInterfaceOrientationPortraitUpsideDown UIInterfaceOrientationLandscapeLeft UIInterfaceOrientationLandscapeRight";
				INFOPLIST_KEY_UISupportedInterfaceOrientations_iPhone = "UIInterfaceOrientationPortrait UIInterfaceOrientationLandscapeLeft UIInterfaceOrientationLandscapeRight";
				IPHONEOS_DEPLOYMENT_TARGET = 15.0;
				LD_RUNPATH_SEARCH_PATHS = (
					"$(inherited)",
					"@executable_path/Frameworks",
				);
				MARKETING_VERSION = 1.0;
				PRODUCT_BUNDLE_IDENTIFIER = com.tinpay.ConnpassDemo;
				PRODUCT_NAME = ConnpassDemo;
				SDKROOT = iphoneos;
				SWIFT_EMIT_LOC_STRINGS = YES;
				SWIFT_VERSION = 5.0;
				TARGETED_DEVICE_FAMILY = "1,2";
				VALIDATE_PRODUCT = YES;
			};
			name = Release;
		};
		91B5221F2678D80A002CEB0F /* Debug */ = {
			isa = XCBuildConfiguration;
			buildSettings = {
				ASSETCATALOG_COMPILER_APPICON_NAME = AppIcon;
				ASSETCATALOG_COMPILER_GLOBAL_ACCENT_COLOR_NAME = AccentColor;
				CODE_SIGN_STYLE = Automatic;
				COMBINE_HIDPI_IMAGES = YES;
				CURRENT_PROJECT_VERSION = 1;
				ENABLE_APP_SANDBOX = YES;
				ENABLE_PREVIEWS = YES;
				ENABLE_USER_SELECTED_FILES = readonly;
				GENERATE_INFOPLIST_FILE = YES;
				INFOPLIST_KEY_NSHumanReadableCopyright = "";
				LD_RUNPATH_SEARCH_PATHS = (
					"$(inherited)",
					"@executable_path/../Frameworks",
				);
				MACOSX_DEPLOYMENT_TARGET = 11.0;
				MARKETING_VERSION = 1.0;
				PRODUCT_BUNDLE_IDENTIFIER = com.tinpay.ConnpassDemo;
				PRODUCT_NAME = ConnpassDemo;
				SDKROOT = macosx;
				SWIFT_EMIT_LOC_STRINGS = YES;
				SWIFT_VERSION = 5.0;
			};
			name = Debug;
		};
		91B522202678D80A002CEB0F /* Release */ = {
			isa = XCBuildConfiguration;
			buildSettings = {
				ASSETCATALOG_COMPILER_APPICON_NAME = AppIcon;
				ASSETCATALOG_COMPILER_GLOBAL_ACCENT_COLOR_NAME = AccentColor;
				CODE_SIGN_STYLE = Automatic;
				COMBINE_HIDPI_IMAGES = YES;
				CURRENT_PROJECT_VERSION = 1;
				ENABLE_APP_SANDBOX = YES;
				ENABLE_PREVIEWS = YES;
				ENABLE_USER_SELECTED_FILES = readonly;
				GENERATE_INFOPLIST_FILE = YES;
				INFOPLIST_KEY_NSHumanReadableCopyright = "";
				LD_RUNPATH_SEARCH_PATHS = (
					"$(inherited)",
					"@executable_path/../Frameworks",
				);
				MACOSX_DEPLOYMENT_TARGET = 11.0;
				MARKETING_VERSION = 1.0;
				PRODUCT_BUNDLE_IDENTIFIER = com.tinpay.ConnpassDemo;
				PRODUCT_NAME = ConnpassDemo;
				SDKROOT = macosx;
				SWIFT_EMIT_LOC_STRINGS = YES;
				SWIFT_VERSION = 5.0;
			};
			name = Release;
		};
		91B522222678D80A002CEB0F /* Debug */ = {
			isa = XCBuildConfiguration;
			buildSettings = {
				ALWAYS_EMBED_SWIFT_STANDARD_LIBRARIES = YES;
				CODE_SIGN_STYLE = Automatic;
				CURRENT_PROJECT_VERSION = 1;
				GENERATE_INFOPLIST_FILE = YES;
				IPHONEOS_DEPLOYMENT_TARGET = 15.0;
				LD_RUNPATH_SEARCH_PATHS = (
					"$(inherited)",
					"@executable_path/Frameworks",
					"@loader_path/Frameworks",
				);
				MARKETING_VERSION = 1.0;
				PRODUCT_BUNDLE_IDENTIFIER = "com.tinpay.Tests-iOS";
				PRODUCT_NAME = "$(TARGET_NAME)";
				SDKROOT = iphoneos;
				SWIFT_EMIT_LOC_STRINGS = NO;
				SWIFT_VERSION = 5.0;
				TARGETED_DEVICE_FAMILY = "1,2";
				TEST_TARGET_NAME = "ConnpassDemo (iOS)";
			};
			name = Debug;
		};
		91B522232678D80A002CEB0F /* Release */ = {
			isa = XCBuildConfiguration;
			buildSettings = {
				ALWAYS_EMBED_SWIFT_STANDARD_LIBRARIES = YES;
				CODE_SIGN_STYLE = Automatic;
				CURRENT_PROJECT_VERSION = 1;
				GENERATE_INFOPLIST_FILE = YES;
				IPHONEOS_DEPLOYMENT_TARGET = 15.0;
				LD_RUNPATH_SEARCH_PATHS = (
					"$(inherited)",
					"@executable_path/Frameworks",
					"@loader_path/Frameworks",
				);
				MARKETING_VERSION = 1.0;
				PRODUCT_BUNDLE_IDENTIFIER = "com.tinpay.Tests-iOS";
				PRODUCT_NAME = "$(TARGET_NAME)";
				SDKROOT = iphoneos;
				SWIFT_EMIT_LOC_STRINGS = NO;
				SWIFT_VERSION = 5.0;
				TARGETED_DEVICE_FAMILY = "1,2";
				TEST_TARGET_NAME = "ConnpassDemo (iOS)";
				VALIDATE_PRODUCT = YES;
			};
			name = Release;
		};
		91B522252678D80A002CEB0F /* Debug */ = {
			isa = XCBuildConfiguration;
			buildSettings = {
				ALWAYS_EMBED_SWIFT_STANDARD_LIBRARIES = YES;
				CODE_SIGN_STYLE = Automatic;
				COMBINE_HIDPI_IMAGES = YES;
				CURRENT_PROJECT_VERSION = 1;
				GENERATE_INFOPLIST_FILE = YES;
				LD_RUNPATH_SEARCH_PATHS = (
					"$(inherited)",
					"@executable_path/../Frameworks",
					"@loader_path/../Frameworks",
				);
				MACOSX_DEPLOYMENT_TARGET = 11.4;
				MARKETING_VERSION = 1.0;
				PRODUCT_BUNDLE_IDENTIFIER = "com.tinpay.Tests-macOS";
				PRODUCT_NAME = "$(TARGET_NAME)";
				SDKROOT = macosx;
				SWIFT_EMIT_LOC_STRINGS = NO;
				SWIFT_VERSION = 5.0;
				TEST_TARGET_NAME = "ConnpassDemo (macOS)";
			};
			name = Debug;
		};
		91B522262678D80A002CEB0F /* Release */ = {
			isa = XCBuildConfiguration;
			buildSettings = {
				ALWAYS_EMBED_SWIFT_STANDARD_LIBRARIES = YES;
				CODE_SIGN_STYLE = Automatic;
				COMBINE_HIDPI_IMAGES = YES;
				CURRENT_PROJECT_VERSION = 1;
				GENERATE_INFOPLIST_FILE = YES;
				LD_RUNPATH_SEARCH_PATHS = (
					"$(inherited)",
					"@executable_path/../Frameworks",
					"@loader_path/../Frameworks",
				);
				MACOSX_DEPLOYMENT_TARGET = 11.4;
				MARKETING_VERSION = 1.0;
				PRODUCT_BUNDLE_IDENTIFIER = "com.tinpay.Tests-macOS";
				PRODUCT_NAME = "$(TARGET_NAME)";
				SDKROOT = macosx;
				SWIFT_EMIT_LOC_STRINGS = NO;
				SWIFT_VERSION = 5.0;
				TEST_TARGET_NAME = "ConnpassDemo (macOS)";
			};
			name = Release;
		};
/* End XCBuildConfiguration section */

/* Begin XCConfigurationList section */
		91B521EF2678D809002CEB0F /* Build configuration list for PBXProject "ConnpassDemo" */ = {
			isa = XCConfigurationList;
			buildConfigurations = (
				91B522192678D80A002CEB0F /* Debug */,
				91B5221A2678D80A002CEB0F /* Release */,
			);
			defaultConfigurationIsVisible = 0;
			defaultConfigurationName = Release;
		};
		91B5221B2678D80A002CEB0F /* Build configuration list for PBXNativeTarget "ConnpassDemo (iOS)" */ = {
			isa = XCConfigurationList;
			buildConfigurations = (
				91B5221C2678D80A002CEB0F /* Debug */,
				91B5221D2678D80A002CEB0F /* Release */,
			);
			defaultConfigurationIsVisible = 0;
			defaultConfigurationName = Release;
		};
		91B5221E2678D80A002CEB0F /* Build configuration list for PBXNativeTarget "ConnpassDemo (macOS)" */ = {
			isa = XCConfigurationList;
			buildConfigurations = (
				91B5221F2678D80A002CEB0F /* Debug */,
				91B522202678D80A002CEB0F /* Release */,
			);
			defaultConfigurationIsVisible = 0;
			defaultConfigurationName = Release;
		};
		91B522212678D80A002CEB0F /* Build configuration list for PBXNativeTarget "Tests iOS" */ = {
			isa = XCConfigurationList;
			buildConfigurations = (
				91B522222678D80A002CEB0F /* Debug */,
				91B522232678D80A002CEB0F /* Release */,
			);
			defaultConfigurationIsVisible = 0;
			defaultConfigurationName = Release;
		};
		91B522242678D80A002CEB0F /* Build configuration list for PBXNativeTarget "Tests macOS" */ = {
			isa = XCConfigurationList;
			buildConfigurations = (
				91B522252678D80A002CEB0F /* Debug */,
				91B522262678D80A002CEB0F /* Release */,
			);
			defaultConfigurationIsVisible = 0;
			defaultConfigurationName = Release;
		};
/* End XCConfigurationList section */
	};
	rootObject = 91B521EC2678D809002CEB0F /* Project object */;
}
